
Microsoft Visual Studio Solution File, Format Version 12.00
# Visual Studio Version 17
VisualStudioVersion = 17.3.32922.545
MinimumVisualStudioVersion = 10.0.40219.1
Project("{FAE04EC0-301F-11D3-BF4B-00C04F79EFBC}") = "Intel_8086_forms", "Intel_8086_forms\Intel_8086_forms.csproj", "{7F0A6D0A-1856-4638-8C98-920CA952DC20}"
EndProject
Global
	GlobalSection(SolutionConfigurationPlatforms) = preSolution
		Debug|Any CPU = Debug|Any CPU
		Release|Any CPU = Release|Any CPU
	EndGlobalSection
	GlobalSection(ProjectConfigurationPlatforms) = postSolution
		{7F0A6D0A-1856-4638-8C98-920CA952DC20}.Debug|Any CPU.ActiveCfg = Debug|Any CPU
		{7F0A6D0A-1856-4638-8C98-920CA952DC20}.Debug|Any CPU.Build.0 = Debug|Any CPU
		{7F0A6D0A-1856-4638-8C98-920CA952DC20}.Release|Any CPU.ActiveCfg = Release|Any CPU
		{7F0A6D0A-1856-4638-8C98-920CA952DC20}.Release|Any CPU.Build.0 = Release|Any CPU
	EndGlobalSection
	GlobalSection(SolutionProperties) = preSolution
		HideSolutionNode = FALSE
	EndGlobalSection
	GlobalSection(ExtensibilityGlobals) = postSolution
		SolutionGuid = {0F5BEB8B-F3F6-42C8-BD8C-38C2D6039D48}
	EndGlobalSection
EndGlobal
